
Microsoft Visual Studio Solution File, Format Version 12.00
# Visual Studio 2013
VisualStudioVersion = 12.0.31101.0
MinimumVisualStudioVersion = 10.0.40219.1
Project("{FAE04EC0-301F-11D3-BF4B-00C04F79EFBC}") = "PlsRemindMe.Web", "PlsRemindMe.Web\PlsRemindMe.Web.csproj", "{C9B34E0A-FB88-467E-B35F-F94DF931535C}"
EndProject
Project("{2150E333-8FDC-42A3-9474-1A3956D46DE8}") = ".nuget", ".nuget", "{72994BB6-C2FB-4A92-A937-05EA5BA77C7C}"
	ProjectSection(SolutionItems) = preProject
		.nuget\NuGet.Config = .nuget\NuGet.Config
		.nuget\NuGet.exe = .nuget\NuGet.exe
		.nuget\NuGet.targets = .nuget\NuGet.targets
	EndProjectSection
EndProject
Project("{FAE04EC0-301F-11D3-BF4B-00C04F79EFBC}") = "PlsRemindMe.Domain", "PlsRemindMe.Domain\PlsRemindMe.Domain.csproj", "{542FC954-6E55-4EC3-81F0-8E12FA11C03D}"
EndProject
Project("{2150E333-8FDC-42A3-9474-1A3956D46DE8}") = "Solution Items", "Solution Items", "{B7E428B2-4165-45E0-8C23-08F7AC697609}"
	ProjectSection(SolutionItems) = preProject
		WebEssentials-Settings.json = WebEssentials-Settings.json
	EndProjectSection
EndProject
Global
	GlobalSection(SolutionConfigurationPlatforms) = preSolution
		Debug|Any CPU = Debug|Any CPU
		Release|Any CPU = Release|Any CPU
	EndGlobalSection
	GlobalSection(ProjectConfigurationPlatforms) = postSolution
		{C9B34E0A-FB88-467E-B35F-F94DF931535C}.Debug|Any CPU.ActiveCfg = Debug|Any CPU
		{C9B34E0A-FB88-467E-B35F-F94DF931535C}.Debug|Any CPU.Build.0 = Debug|Any CPU
		{C9B34E0A-FB88-467E-B35F-F94DF931535C}.Release|Any CPU.ActiveCfg = Release|Any CPU
		{C9B34E0A-FB88-467E-B35F-F94DF931535C}.Release|Any CPU.Build.0 = Release|Any CPU
		{542FC954-6E55-4EC3-81F0-8E12FA11C03D}.Debug|Any CPU.ActiveCfg = Debug|Any CPU
		{542FC954-6E55-4EC3-81F0-8E12FA11C03D}.Debug|Any CPU.Build.0 = Debug|Any CPU
		{542FC954-6E55-4EC3-81F0-8E12FA11C03D}.Release|Any CPU.ActiveCfg = Release|Any CPU
		{542FC954-6E55-4EC3-81F0-8E12FA11C03D}.Release|Any CPU.Build.0 = Release|Any CPU
	EndGlobalSection
	GlobalSection(SolutionProperties) = preSolution
		HideSolutionNode = FALSE
	EndGlobalSection
EndGlobal
